// !$*UTF8*$!
{
	archiveVersion = 1;
	classes = {
	};
	objectVersion = 46;
	objects = {

/* Begin PBXBuildFile section */
		2F7446990DB6B7EA00F9684A /* MainMenu.xib in Resources */ = {isa = PBXBuildFile; fileRef = 2F7446970DB6B7EA00F9684A /* MainMenu.xib */; };
		53224A2D12C9694600251185 /* History.m in Sources */ = {isa = PBXBuildFile; fileRef = 53224A2C12C9694600251185 /* History.m */; };
		53224B0412C9817E00251185 /* HttpViewController.m in Sources */ = {isa = PBXBuildFile; fileRef = 53224B0312C9817E00251185 /* HttpViewController.m */; };
		53224C4012CA69C100251185 /* Folder.m in Sources */ = {isa = PBXBuildFile; fileRef = 53224C3F12CA69C100251185 /* Folder.m */; };
		53224D6E12CAAF2A00251185 /* NewBookmarkSheetController.m in Sources */ = {isa = PBXBuildFile; fileRef = 53224D6D12CAAF2A00251185 /* NewBookmarkSheetController.m */; };
		53224D7512CAB11C00251185 /* NewBookmarkSheet.xib in Resources */ = {isa = PBXBuildFile; fileRef = 53224D7412CAB11C00251185 /* NewBookmarkSheet.xib */; };
		53224DDD12CAC13600251185 /* Bookmark.m in Sources */ = {isa = PBXBuildFile; fileRef = 53224DDC12CAC13600251185 /* Bookmark.m */; };
		53224DFB12CAC26A00251185 /* API_Inspector_DataModel.xcdatamodeld in Sources */ = {isa = PBXBuildFile; fileRef = 53224DFA12CAC26A00251185 /* API_Inspector_DataModel.xcdatamodeld */; };
		53224F3C12CBBF0F00251185 /* bookmark-get.png in Resources */ = {isa = PBXBuildFile; fileRef = 53224F3A12CBBF0F00251185 /* bookmark-get.png */; };
		53224F3D12CBBF0F00251185 /* bookmark-post.png in Resources */ = {isa = PBXBuildFile; fileRef = 53224F3B12CBBF0F00251185 /* bookmark-post.png */; };
		53224F4C12CBBFE700251185 /* WMNoteItemCell.m in Sources */ = {isa = PBXBuildFile; fileRef = 53224F4B12CBBFE700251185 /* WMNoteItemCell.m */; };
		53224FFE12CBCC6200251185 /* ImageAndTextCell.m in Sources */ = {isa = PBXBuildFile; fileRef = 53224FFD12CBCC6200251185 /* ImageAndTextCell.m */; };
		5322501712CBFA6C00251185 /* toolbar-get.png in Resources */ = {isa = PBXBuildFile; fileRef = 5322501612CBFA6C00251185 /* toolbar-get.png */; };
		5322501C12CBFAED00251185 /* toolbar-post.png in Resources */ = {isa = PBXBuildFile; fileRef = 5322501B12CBFAED00251185 /* toolbar-post.png */; };
		5322503112CBFE9700251185 /* toolbar-bookmarks.png in Resources */ = {isa = PBXBuildFile; fileRef = 5322503012CBFE9700251185 /* toolbar-bookmarks.png */; };
		5322503512CC001400251185 /* toolbar-bookmarks-2.png in Resources */ = {isa = PBXBuildFile; fileRef = 5322503412CC001400251185 /* toolbar-bookmarks-2.png */; };
		5322503B12CC098D00251185 /* toolbar-get-2.png in Resources */ = {isa = PBXBuildFile; fileRef = 5322503A12CC098D00251185 /* toolbar-get-2.png */; };
		5322504512CC0B9300251185 /* toolbar-post-2.png in Resources */ = {isa = PBXBuildFile; fileRef = 5322504412CC0B9300251185 /* toolbar-post-2.png */; };
		5322516312CE950400251185 /* WMOutlineView.m in Sources */ = {isa = PBXBuildFile; fileRef = 5322516212CE950400251185 /* WMOutlineView.m */; };
		538583C012CEB88500D26763 /* api-inspector.icns in Resources */ = {isa = PBXBuildFile; fileRef = 538583BF12CEB88500D26763 /* api-inspector.icns */; };
		5385858112D1510F00D26763 /* BWToolkitFramework.framework in Frameworks */ = {isa = PBXBuildFile; fileRef = 5385858012D1510F00D26763 /* BWToolkitFramework.framework */; };
		538585B212D1511300D26763 /* BWToolkitFramework.framework in CopyFiles */ = {isa = PBXBuildFile; fileRef = 5385858012D1510F00D26763 /* BWToolkitFramework.framework */; };
		538586A312D167B300D26763 /* Sparkle.framework in Frameworks */ = {isa = PBXBuildFile; fileRef = 538586A212D167B300D26763 /* Sparkle.framework */; };
		538586AA12D167BB00D26763 /* Sparkle.framework in CopyFiles */ = {isa = PBXBuildFile; fileRef = 538586A212D167B300D26763 /* Sparkle.framework */; };
		538586B912D1690D00D26763 /* dsa_pub.pem in Resources */ = {isa = PBXBuildFile; fileRef = 538586B812D1690D00D26763 /* dsa_pub.pem */; };
		538586CE12D2D96B00D26763 /* PreferencesWindowController.m in Sources */ = {isa = PBXBuildFile; fileRef = 538586CD12D2D96B00D26763 /* PreferencesWindowController.m */; };
		538586D212D2D99C00D26763 /* PreferencesWindow.xib in Resources */ = {isa = PBXBuildFile; fileRef = 538586D112D2D99C00D26763 /* PreferencesWindow.xib */; };
		5385883D12D2ED8600D26763 /* Defaults.plist in Resources */ = {isa = PBXBuildFile; fileRef = 5385883C12D2ED8600D26763 /* Defaults.plist */; };
		53CD331712D43BA200C23F6A /* WebKit.framework in Frameworks */ = {isa = PBXBuildFile; fileRef = 53CD331612D43BA200C23F6A /* WebKit.framework */; };
		53CD333E12D443B200C23F6A /* sampledata.xml in Resources */ = {isa = PBXBuildFile; fileRef = 53CD333D12D443B200C23F6A /* sampledata.xml */; };
		53E59D9B12A1D9A4008F47E1 /* YAJL.framework in Frameworks */ = {isa = PBXBuildFile; fileRef = 53E59D9A12A1D9A4008F47E1 /* YAJL.framework */; };
		53E59DAA12A1D9E8008F47E1 /* YAJL.framework in CopyFiles */ = {isa = PBXBuildFile; fileRef = 53E59D9A12A1D9A4008F47E1 /* YAJL.framework */; };
		53E5A07712A2FE51008F47E1 /* RawDataWindow.m in Sources */ = {isa = PBXBuildFile; fileRef = 53E5A07612A2FE51008F47E1 /* RawDataWindow.m */; };
		53E5A07912A2FE6B008F47E1 /* RawData.xib in Resources */ = {isa = PBXBuildFile; fileRef = 53E5A07812A2FE6B008F47E1 /* RawData.xib */; };
		53E5A0B812A4B304008F47E1 /* MainWindowController.m in Sources */ = {isa = PBXBuildFile; fileRef = 53E5A0B712A4B304008F47E1 /* MainWindowController.m */; };
		53E5A0BA12A4B404008F47E1 /* MainWindow.xib in Resources */ = {isa = PBXBuildFile; fileRef = 53E5A0B912A4B404008F47E1 /* MainWindow.xib */; };
		53E5A1DE12A4D615008F47E1 /* HttpGetViewController.m in Sources */ = {isa = PBXBuildFile; fileRef = 53E5A1DD12A4D615008F47E1 /* HttpGetViewController.m */; };
		53E5A1E012A4D632008F47E1 /* HttpGetView.xib in Resources */ = {isa = PBXBuildFile; fileRef = 53E5A1DF12A4D632008F47E1 /* HttpGetView.xib */; };
		53E5A34A12A5FBF3008F47E1 /* TreeNode.m in Sources */ = {isa = PBXBuildFile; fileRef = 53E5A34912A5FBF3008F47E1 /* TreeNode.m */; };
		53E5A4BB12A8C514008F47E1 /* HttpPostView.xib in Resources */ = {isa = PBXBuildFile; fileRef = 53E5A4BA12A8C514008F47E1 /* HttpPostView.xib */; };
		53E5A4C812A8C5A8008F47E1 /* HttpPostViewController.m in Sources */ = {isa = PBXBuildFile; fileRef = 53E5A4C712A8C5A8008F47E1 /* HttpPostViewController.m */; };
		53E6B97912D91C9D007FA70C /* API_Inspector_5_6_rel.xcmappingmodel in Sources */ = {isa = PBXBuildFile; fileRef = 53E6B97812D91C9D007FA70C /* API_Inspector_5_6_rel.xcmappingmodel */; };
		53E6B97E12D91CD9007FA70C /* Authentication.m in Sources */ = {isa = PBXBuildFile; fileRef = 53E6B97D12D91CD9007FA70C /* Authentication.m */; };
		53E6BBA612D920F7007FA70C /* OAuthConsumer.framework in Frameworks */ = {isa = PBXBuildFile; fileRef = 53E6BBA512D920F7007FA70C /* OAuthConsumer.framework */; };
		53E6BBA712D92101007FA70C /* OAuthConsumer.framework in CopyFiles */ = {isa = PBXBuildFile; fileRef = 53E6BBA512D920F7007FA70C /* OAuthConsumer.framework */; };
		53E6BBD512D92616007FA70C /* AuthManagementWindow.xib in Resources */ = {isa = PBXBuildFile; fileRef = 53E6BBD412D92616007FA70C /* AuthManagementWindow.xib */; };
		53E6BBDC12DA7EE0007FA70C /* AuthenticationWindowController.m in Sources */ = {isa = PBXBuildFile; fileRef = 53E6BBDB12DA7EE0007FA70C /* AuthenticationWindowController.m */; };
		77C8280E06725ACE000B614F /* AppDelegate.m in Sources */ = {isa = PBXBuildFile; fileRef = 77C8280C06725ACE000B614F /* AppDelegate.m */; };
		8D11072B0486CEB800E47090 /* InfoPlist.strings in Resources */ = {isa = PBXBuildFile; fileRef = 089C165CFE840E0CC02AAC07 /* InfoPlist.strings */; };
		8D11072D0486CEB800E47090 /* main.m in Sources */ = {isa = PBXBuildFile; fileRef = 29B97316FDCFA39411CA2CEA /* main.m */; settings = {ATTRIBUTES = (); }; };
		8D11072F0486CEB800E47090 /* Cocoa.framework in Frameworks */ = {isa = PBXBuildFile; fileRef = 1058C7A1FEA54F0111CA2CBB /* Cocoa.framework */; };
/* End PBXBuildFile section */

/* Begin PBXCopyFilesBuildPhase section */
		53E59DB612A1DA38008F47E1 /* CopyFiles */ = {
			isa = PBXCopyFilesBuildPhase;
			buildActionMask = 2147483647;
			dstPath = "";
			dstSubfolderSpec = 10;
			files = (
				53E6BBA712D92101007FA70C /* OAuthConsumer.framework in CopyFiles */,
				538586AA12D167BB00D26763 /* Sparkle.framework in CopyFiles */,
				538585B212D1511300D26763 /* BWToolkitFramework.framework in CopyFiles */,
				53E59DAA12A1D9E8008F47E1 /* YAJL.framework in CopyFiles */,
			);
			runOnlyForDeploymentPostprocessing = 0;
		};
/* End PBXCopyFilesBuildPhase section */

/* Begin PBXFileReference section */
		089C165DFE840E0CC02AAC07 /* English */ = {isa = PBXFileReference; fileEncoding = 10; lastKnownFileType = text.plist.strings; name = English; path = English.lproj/InfoPlist.strings; sourceTree = "<group>"; };
		1058C7A1FEA54F0111CA2CBB /* Cocoa.framework */ = {isa = PBXFileReference; lastKnownFileType = wrapper.framework; name = Cocoa.framework; path = /System/Library/Frameworks/Cocoa.framework; sourceTree = "<absolute>"; };
		29B97316FDCFA39411CA2CEA /* main.m */ = {isa = PBXFileReference; fileEncoding = 4; lastKnownFileType = sourcecode.c.objc; path = main.m; sourceTree = "<group>"; };
		29B97324FDCFA39411CA2CEA /* AppKit.framework */ = {isa = PBXFileReference; lastKnownFileType = wrapper.framework; name = AppKit.framework; path = /System/Library/Frameworks/AppKit.framework; sourceTree = "<absolute>"; };
		29B97325FDCFA39411CA2CEA /* Foundation.framework */ = {isa = PBXFileReference; lastKnownFileType = wrapper.framework; name = Foundation.framework; path = /System/Library/Frameworks/Foundation.framework; sourceTree = "<absolute>"; };
		2F7446980DB6B7EA00F9684A /* English */ = {isa = PBXFileReference; lastKnownFileType = file.xib; name = English; path = English.lproj/MainMenu.xib; sourceTree = "<group>"; };
		32CA4F630368D1EE00C91783 /* Action_Spy_Prefix.pch */ = {isa = PBXFileReference; fileEncoding = 4; lastKnownFileType = sourcecode.c.h; path = Action_Spy_Prefix.pch; sourceTree = "<group>"; };
		53224A2B12C9694600251185 /* History.h */ = {isa = PBXFileReference; fileEncoding = 4; lastKnownFileType = sourcecode.c.h; path = History.h; sourceTree = "<group>"; };
		53224A2C12C9694600251185 /* History.m */ = {isa = PBXFileReference; fileEncoding = 4; lastKnownFileType = sourcecode.c.objc; path = History.m; sourceTree = "<group>"; };
		53224A8512C971CA00251185 /* constants.h */ = {isa = PBXFileReference; fileEncoding = 4; lastKnownFileType = sourcecode.c.h; path = constants.h; sourceTree = "<group>"; };
		53224B0212C9817E00251185 /* HttpViewController.h */ = {isa = PBXFileReference; fileEncoding = 4; lastKnownFileType = sourcecode.c.h; path = HttpViewController.h; sourceTree = "<group>"; };
		53224B0312C9817E00251185 /* HttpViewController.m */ = {isa = PBXFileReference; fileEncoding = 4; lastKnownFileType = sourcecode.c.objc; path = HttpViewController.m; sourceTree = "<group>"; };
		53224C3E12CA69C100251185 /* Folder.h */ = {isa = PBXFileReference; fileEncoding = 4; lastKnownFileType = sourcecode.c.h; path = Folder.h; sourceTree = "<group>"; };
		53224C3F12CA69C100251185 /* Folder.m */ = {isa = PBXFileReference; fileEncoding = 4; lastKnownFileType = sourcecode.c.objc; path = Folder.m; sourceTree = "<group>"; };
		53224D6C12CAAF2A00251185 /* NewBookmarkSheetController.h */ = {isa = PBXFileReference; fileEncoding = 4; lastKnownFileType = sourcecode.c.h; path = NewBookmarkSheetController.h; sourceTree = "<group>"; };
		53224D6D12CAAF2A00251185 /* NewBookmarkSheetController.m */ = {isa = PBXFileReference; fileEncoding = 4; lastKnownFileType = sourcecode.c.objc; path = NewBookmarkSheetController.m; sourceTree = "<group>"; };
		53224D7412CAB11C00251185 /* NewBookmarkSheet.xib */ = {isa = PBXFileReference; lastKnownFileType = file.xib; path = NewBookmarkSheet.xib; sourceTree = "<group>"; };
		53224DDB12CAC13600251185 /* Bookmark.h */ = {isa = PBXFileReference; fileEncoding = 4; lastKnownFileType = sourcecode.c.h; path = Bookmark.h; sourceTree = "<group>"; };
		53224DDC12CAC13600251185 /* Bookmark.m */ = {isa = PBXFileReference; fileEncoding = 4; lastKnownFileType = sourcecode.c.objc; path = Bookmark.m; sourceTree = "<group>"; };
		53224F3A12CBBF0F00251185 /* bookmark-get.png */ = {isa = PBXFileReference; lastKnownFileType = image.png; path = "bookmark-get.png"; sourceTree = "<group>"; };
		53224F3B12CBBF0F00251185 /* bookmark-post.png */ = {isa = PBXFileReference; lastKnownFileType = image.png; path = "bookmark-post.png"; sourceTree = "<group>"; };
		53224F4A12CBBFE700251185 /* WMNoteItemCell.h */ = {isa = PBXFileReference; fileEncoding = 4; lastKnownFileType = sourcecode.c.h; path = WMNoteItemCell.h; sourceTree = "<group>"; };
		53224F4B12CBBFE700251185 /* WMNoteItemCell.m */ = {isa = PBXFileReference; fileEncoding = 4; lastKnownFileType = sourcecode.c.objc; path = WMNoteItemCell.m; sourceTree = "<group>"; };
		53224FFC12CBCC6200251185 /* ImageAndTextCell.h */ = {isa = PBXFileReference; fileEncoding = 4; lastKnownFileType = sourcecode.c.h; path = ImageAndTextCell.h; sourceTree = "<group>"; };
		53224FFD12CBCC6200251185 /* ImageAndTextCell.m */ = {isa = PBXFileReference; fileEncoding = 4; lastKnownFileType = sourcecode.c.objc; path = ImageAndTextCell.m; sourceTree = "<group>"; };
		5322501612CBFA6C00251185 /* toolbar-get.png */ = {isa = PBXFileReference; lastKnownFileType = image.png; path = "toolbar-get.png"; sourceTree = "<group>"; };
		5322501B12CBFAED00251185 /* toolbar-post.png */ = {isa = PBXFileReference; lastKnownFileType = image.png; path = "toolbar-post.png"; sourceTree = "<group>"; };
		5322503012CBFE9700251185 /* toolbar-bookmarks.png */ = {isa = PBXFileReference; lastKnownFileType = image.png; path = "toolbar-bookmarks.png"; sourceTree = "<group>"; };
		5322503412CC001400251185 /* toolbar-bookmarks-2.png */ = {isa = PBXFileReference; lastKnownFileType = image.png; path = "toolbar-bookmarks-2.png"; sourceTree = "<group>"; };
		5322503A12CC098D00251185 /* toolbar-get-2.png */ = {isa = PBXFileReference; lastKnownFileType = image.png; path = "toolbar-get-2.png"; sourceTree = "<group>"; };
		5322504412CC0B9300251185 /* toolbar-post-2.png */ = {isa = PBXFileReference; lastKnownFileType = image.png; path = "toolbar-post-2.png"; sourceTree = "<group>"; };
		5322516112CE950400251185 /* WMOutlineView.h */ = {isa = PBXFileReference; fileEncoding = 4; lastKnownFileType = sourcecode.c.h; path = WMOutlineView.h; sourceTree = "<group>"; };
		5322516212CE950400251185 /* WMOutlineView.m */ = {isa = PBXFileReference; fileEncoding = 4; lastKnownFileType = sourcecode.c.objc; path = WMOutlineView.m; sourceTree = "<group>"; };
		5322516712CE952800251185 /* debug.h */ = {isa = PBXFileReference; fileEncoding = 4; lastKnownFileType = sourcecode.c.h; path = debug.h; sourceTree = "<group>"; };
		538583BF12CEB88500D26763 /* api-inspector.icns */ = {isa = PBXFileReference; lastKnownFileType = image.icns; path = "api-inspector.icns"; sourceTree = "<group>"; };
		5385858012D1510F00D26763 /* BWToolkitFramework.framework */ = {isa = PBXFileReference; lastKnownFileType = wrapper.framework; name = BWToolkitFramework.framework; path = ../../BWToolkit/bwtoolkit/build/Release/BWToolkitFramework.framework; sourceTree = SOURCE_ROOT; };
		538586A212D167B300D26763 /* Sparkle.framework */ = {isa = PBXFileReference; lastKnownFileType = wrapper.framework; name = Sparkle.framework; path = "../Sparkle/build/Release (GC dual-mode; 10.5-only)/Sparkle.framework"; sourceTree = SOURCE_ROOT; };
		538586B812D1690D00D26763 /* dsa_pub.pem */ = {isa = PBXFileReference; fileEncoding = 4; lastKnownFileType = text; path = dsa_pub.pem; sourceTree = "<group>"; };
		538586CC12D2D96B00D26763 /* PreferencesWindowController.h */ = {isa = PBXFileReference; fileEncoding = 4; lastKnownFileType = sourcecode.c.h; path = PreferencesWindowController.h; sourceTree = "<group>"; };
		538586CD12D2D96B00D26763 /* PreferencesWindowController.m */ = {isa = PBXFileReference; fileEncoding = 4; lastKnownFileType = sourcecode.c.objc; path = PreferencesWindowController.m; sourceTree = "<group>"; };
		538586D112D2D99C00D26763 /* PreferencesWindow.xib */ = {isa = PBXFileReference; lastKnownFileType = file.xib; path = PreferencesWindow.xib; sourceTree = "<group>"; };
		5385883C12D2ED8600D26763 /* Defaults.plist */ = {isa = PBXFileReference; fileEncoding = 4; lastKnownFileType = text.plist.xml; path = Defaults.plist; sourceTree = "<group>"; };
		53CD331612D43BA200C23F6A /* WebKit.framework */ = {isa = PBXFileReference; lastKnownFileType = wrapper.framework; name = WebKit.framework; path = System/Library/Frameworks/WebKit.framework; sourceTree = SDKROOT; };
		53CD333D12D443B200C23F6A /* sampledata.xml */ = {isa = PBXFileReference; fileEncoding = 4; lastKnownFileType = text.xml; path = sampledata.xml; sourceTree = "<group>"; };
		53E59D9A12A1D9A4008F47E1 /* YAJL.framework */ = {isa = PBXFileReference; lastKnownFileType = wrapper.framework; name = YAJL.framework; path = Frameworks/YAJL.framework; sourceTree = "<group>"; };
		53E5A07512A2FE51008F47E1 /* RawDataWindow.h */ = {isa = PBXFileReference; fileEncoding = 4; lastKnownFileType = sourcecode.c.h; path = RawDataWindow.h; sourceTree = "<group>"; };
		53E5A07612A2FE51008F47E1 /* RawDataWindow.m */ = {isa = PBXFileReference; fileEncoding = 4; lastKnownFileType = sourcecode.c.objc; path = RawDataWindow.m; sourceTree = "<group>"; };
		53E5A07812A2FE6B008F47E1 /* RawData.xib */ = {isa = PBXFileReference; lastKnownFileType = file.xib; path = RawData.xib; sourceTree = "<group>"; };
		53E5A0B612A4B304008F47E1 /* MainWindowController.h */ = {isa = PBXFileReference; fileEncoding = 4; lastKnownFileType = sourcecode.c.h; path = MainWindowController.h; sourceTree = "<group>"; };
		53E5A0B712A4B304008F47E1 /* MainWindowController.m */ = {isa = PBXFileReference; fileEncoding = 4; lastKnownFileType = sourcecode.c.objc; path = MainWindowController.m; sourceTree = "<group>"; };
		53E5A0B912A4B404008F47E1 /* MainWindow.xib */ = {isa = PBXFileReference; lastKnownFileType = file.xib; path = MainWindow.xib; sourceTree = "<group>"; };
		53E5A1DC12A4D615008F47E1 /* HttpGetViewController.h */ = {isa = PBXFileReference; fileEncoding = 4; lastKnownFileType = sourcecode.c.h; path = HttpGetViewController.h; sourceTree = "<group>"; };
		53E5A1DD12A4D615008F47E1 /* HttpGetViewController.m */ = {isa = PBXFileReference; fileEncoding = 4; lastKnownFileType = sourcecode.c.objc; path = HttpGetViewController.m; sourceTree = "<group>"; };
		53E5A1DF12A4D632008F47E1 /* HttpGetView.xib */ = {isa = PBXFileReference; lastKnownFileType = file.xib; path = HttpGetView.xib; sourceTree = "<group>"; };
		53E5A2BA12A4E108008F47E1 /* README */ = {isa = PBXFileReference; fileEncoding = 4; lastKnownFileType = text; path = README; sourceTree = "<group>"; };
		53E5A34812A5FBF3008F47E1 /* TreeNode.h */ = {isa = PBXFileReference; fileEncoding = 4; lastKnownFileType = sourcecode.c.h; path = TreeNode.h; sourceTree = "<group>"; };
		53E5A34912A5FBF3008F47E1 /* TreeNode.m */ = {isa = PBXFileReference; fileEncoding = 4; lastKnownFileType = sourcecode.c.objc; path = TreeNode.m; sourceTree = "<group>"; };
		53E5A4BA12A8C514008F47E1 /* HttpPostView.xib */ = {isa = PBXFileReference; lastKnownFileType = file.xib; path = HttpPostView.xib; sourceTree = "<group>"; };
		53E5A4C612A8C5A8008F47E1 /* HttpPostViewController.h */ = {isa = PBXFileReference; fileEncoding = 4; lastKnownFileType = sourcecode.c.h; path = HttpPostViewController.h; sourceTree = "<group>"; };
		53E5A4C712A8C5A8008F47E1 /* HttpPostViewController.m */ = {isa = PBXFileReference; fileEncoding = 4; lastKnownFileType = sourcecode.c.objc; path = HttpPostViewController.m; sourceTree = "<group>"; };
		53E6B94612D9198B007FA70C /* API_Inspector_DataModel 5.xcdatamodel */ = {isa = PBXFileReference; lastKnownFileType = wrapper.xcdatamodel; path = "API_Inspector_DataModel 5.xcdatamodel"; sourceTree = "<group>"; };
		53E6B97512D91C48007FA70C /* API_Inspector_DataModel 6.xcdatamodel */ = {isa = PBXFileReference; lastKnownFileType = wrapper.xcdatamodel; path = "API_Inspector_DataModel 6.xcdatamodel"; sourceTree = "<group>"; };
		53E6B97812D91C9D007FA70C /* API_Inspector_5_6_rel.xcmappingmodel */ = {isa = PBXFileReference; fileEncoding = 4; lastKnownFileType = wrapper.xcmappingmodel; path = API_Inspector_5_6_rel.xcmappingmodel; sourceTree = "<group>"; };
		53E6B97C12D91CD9007FA70C /* Authentication.h */ = {isa = PBXFileReference; fileEncoding = 4; lastKnownFileType = sourcecode.c.h; path = Authentication.h; sourceTree = "<group>"; };
		53E6B97D12D91CD9007FA70C /* Authentication.m */ = {isa = PBXFileReference; fileEncoding = 4; lastKnownFileType = sourcecode.c.objc; path = Authentication.m; sourceTree = "<group>"; };
		53E6BBA512D920F7007FA70C /* OAuthConsumer.framework */ = {isa = PBXFileReference; lastKnownFileType = wrapper.framework; name = OAuthConsumer.framework; path = /Users/bse/src/projects/oauth/OAuthConsumer/build/Release/OAuthConsumer.framework; sourceTree = "<absolute>"; };
		53E6BBD412D92616007FA70C /* AuthManagementWindow.xib */ = {isa = PBXFileReference; lastKnownFileType = file.xib; path = AuthManagementWindow.xib; sourceTree = "<group>"; };
		53E6BBDA12DA7EE0007FA70C /* AuthenticationWindowController.h */ = {isa = PBXFileReference; fileEncoding = 4; lastKnownFileType = sourcecode.c.h; path = AuthenticationWindowController.h; sourceTree = "<group>"; };
		53E6BBDB12DA7EE0007FA70C /* AuthenticationWindowController.m */ = {isa = PBXFileReference; fileEncoding = 4; lastKnownFileType = sourcecode.c.objc; path = AuthenticationWindowController.m; sourceTree = "<group>"; };
		77C82804067257F0000B614F /* CoreData.framework */ = {isa = PBXFileReference; lastKnownFileType = wrapper.framework; name = CoreData.framework; path = /System/Library/Frameworks/CoreData.framework; sourceTree = "<absolute>"; };
		77C8280B06725ACE000B614F /* AppDelegate.h */ = {isa = PBXFileReference; fileEncoding = 4; lastKnownFileType = sourcecode.c.h; path = AppDelegate.h; sourceTree = "<group>"; };
		77C8280C06725ACE000B614F /* AppDelegate.m */ = {isa = PBXFileReference; fileEncoding = 4; lastKnownFileType = sourcecode.c.objc; path = AppDelegate.m; sourceTree = "<group>"; };
		8D1107310486CEB800E47090 /* Action Spy-Info.plist */ = {isa = PBXFileReference; explicitFileType = text.plist.xml; fileEncoding = 4; path = "Action Spy-Info.plist"; sourceTree = "<group>"; };
		8D1107320486CEB800E47090 /* Action Spy.app */ = {isa = PBXFileReference; explicitFileType = wrapper.application; includeInIndex = 0; path = "Action Spy.app"; sourceTree = BUILT_PRODUCTS_DIR; };
/* End PBXFileReference section */

/* Begin PBXFrameworksBuildPhase section */
		8D11072E0486CEB800E47090 /* Frameworks */ = {
			isa = PBXFrameworksBuildPhase;
			buildActionMask = 2147483647;
			files = (
				8D11072F0486CEB800E47090 /* Cocoa.framework in Frameworks */,
				53E59D9B12A1D9A4008F47E1 /* YAJL.framework in Frameworks */,
				5385858112D1510F00D26763 /* BWToolkitFramework.framework in Frameworks */,
				538586A312D167B300D26763 /* Sparkle.framework in Frameworks */,
				53CD331712D43BA200C23F6A /* WebKit.framework in Frameworks */,
				53E6BBA612D920F7007FA70C /* OAuthConsumer.framework in Frameworks */,
			);
			runOnlyForDeploymentPostprocessing = 0;
		};
/* End PBXFrameworksBuildPhase section */

/* Begin PBXGroup section */
		080E96DDFE201D6D7F000001 /* Classes */ = {
			isa = PBXGroup;
			children = (
				77C8280B06725ACE000B614F /* AppDelegate.h */,
				77C8280C06725ACE000B614F /* AppDelegate.m */,
				53E5A07512A2FE51008F47E1 /* RawDataWindow.h */,
				53E5A07612A2FE51008F47E1 /* RawDataWindow.m */,
				53E5A0B612A4B304008F47E1 /* MainWindowController.h */,
				53E5A0B712A4B304008F47E1 /* MainWindowController.m */,
				53E5A1DC12A4D615008F47E1 /* HttpGetViewController.h */,
				53E5A1DD12A4D615008F47E1 /* HttpGetViewController.m */,
				53E5A4C612A8C5A8008F47E1 /* HttpPostViewController.h */,
				53E5A4C712A8C5A8008F47E1 /* HttpPostViewController.m */,
				53224B0212C9817E00251185 /* HttpViewController.h */,
				53224B0312C9817E00251185 /* HttpViewController.m */,
				53224D6C12CAAF2A00251185 /* NewBookmarkSheetController.h */,
				53224D6D12CAAF2A00251185 /* NewBookmarkSheetController.m */,
				53224F4A12CBBFE700251185 /* WMNoteItemCell.h */,
				53224F4B12CBBFE700251185 /* WMNoteItemCell.m */,
				5322516112CE950400251185 /* WMOutlineView.h */,
				5322516212CE950400251185 /* WMOutlineView.m */,
				53224FFC12CBCC6200251185 /* ImageAndTextCell.h */,
				53224FFD12CBCC6200251185 /* ImageAndTextCell.m */,
				538586CC12D2D96B00D26763 /* PreferencesWindowController.h */,
				538586CD12D2D96B00D26763 /* PreferencesWindowController.m */,
				53E6BBDA12DA7EE0007FA70C /* AuthenticationWindowController.h */,
				53E6BBDB12DA7EE0007FA70C /* AuthenticationWindowController.m */,
			);
			name = Classes;
			sourceTree = "<group>";
		};
		1058C7A0FEA54F0111CA2CBB /* Linked Frameworks */ = {
			isa = PBXGroup;
			children = (
				538586A212D167B300D26763 /* Sparkle.framework */,
				5385858012D1510F00D26763 /* BWToolkitFramework.framework */,
				53E59D9A12A1D9A4008F47E1 /* YAJL.framework */,
				1058C7A1FEA54F0111CA2CBB /* Cocoa.framework */,
				53E6BBA512D920F7007FA70C /* OAuthConsumer.framework */,
			);
			name = "Linked Frameworks";
			sourceTree = "<group>";
		};
		1058C7A2FEA54F0111CA2CBB /* Other Frameworks */ = {
			isa = PBXGroup;
			children = (
				77C82804067257F0000B614F /* CoreData.framework */,
				29B97325FDCFA39411CA2CEA /* Foundation.framework */,
				29B97324FDCFA39411CA2CEA /* AppKit.framework */,
				53CD331612D43BA200C23F6A /* WebKit.framework */,
			);
			name = "Other Frameworks";
			sourceTree = "<group>";
		};
		19C28FACFE9D520D11CA2CBB /* Products */ = {
			isa = PBXGroup;
			children = (
				8D1107320486CEB800E47090 /* Action Spy.app */,
			);
			name = Products;
			sourceTree = "<group>";
		};
		29B97314FDCFA39411CA2CEA /* API Inspector */ = {
			isa = PBXGroup;
			children = (
				7756732906782D8800D1FEB8 /* Models */,
				080E96DDFE201D6D7F000001 /* Classes */,
				29B97315FDCFA39411CA2CEA /* Other Sources */,
				29B97317FDCFA39411CA2CEA /* Resources */,
				29B97323FDCFA39411CA2CEA /* Frameworks */,
				19C28FACFE9D520D11CA2CBB /* Products */,
				53E5A2BA12A4E108008F47E1 /* README */,
			);
			name = "API Inspector";
			sourceTree = "<group>";
		};
		29B97315FDCFA39411CA2CEA /* Other Sources */ = {
			isa = PBXGroup;
			children = (
				32CA4F630368D1EE00C91783 /* Action_Spy_Prefix.pch */,
				5322516712CE952800251185 /* debug.h */,
				29B97316FDCFA39411CA2CEA /* main.m */,
				53224A8512C971CA00251185 /* constants.h */,
			);
			name = "Other Sources";
			sourceTree = "<group>";
		};
		29B97317FDCFA39411CA2CEA /* Resources */ = {
			isa = PBXGroup;
			children = (
				53CD333D12D443B200C23F6A /* sampledata.xml */,
				538586B812D1690D00D26763 /* dsa_pub.pem */,
				53224F3712CBBEF800251185 /* Icons */,
				53E5A1E112A4D64B008F47E1 /* xib */,
				8D1107310486CEB800E47090 /* Action Spy-Info.plist */,
				089C165CFE840E0CC02AAC07 /* InfoPlist.strings */,
				5385883C12D2ED8600D26763 /* Defaults.plist */,
			);
			name = Resources;
			sourceTree = "<group>";
		};
		29B97323FDCFA39411CA2CEA /* Frameworks */ = {
			isa = PBXGroup;
			children = (
				1058C7A0FEA54F0111CA2CBB /* Linked Frameworks */,
				1058C7A2FEA54F0111CA2CBB /* Other Frameworks */,
			);
			name = Frameworks;
			sourceTree = "<group>";
		};
		53224F3712CBBEF800251185 /* Icons */ = {
			isa = PBXGroup;
			children = (
				538583BF12CEB88500D26763 /* api-inspector.icns */,
				5322504412CC0B9300251185 /* toolbar-post-2.png */,
				5322503A12CC098D00251185 /* toolbar-get-2.png */,
				5322503412CC001400251185 /* toolbar-bookmarks-2.png */,
				5322503012CBFE9700251185 /* toolbar-bookmarks.png */,
				5322501612CBFA6C00251185 /* toolbar-get.png */,
				5322501B12CBFAED00251185 /* toolbar-post.png */,
				53224F3A12CBBF0F00251185 /* bookmark-get.png */,
				53224F3B12CBBF0F00251185 /* bookmark-post.png */,
			);
			name = Icons;
			sourceTree = "<group>";
		};
		53E5A1E112A4D64B008F47E1 /* xib */ = {
			isa = PBXGroup;
			children = (
				2F7446970DB6B7EA00F9684A /* MainMenu.xib */,
				53E5A07812A2FE6B008F47E1 /* RawData.xib */,
				53E5A0B912A4B404008F47E1 /* MainWindow.xib */,
				53E5A1DF12A4D632008F47E1 /* HttpGetView.xib */,
				53E5A4BA12A8C514008F47E1 /* HttpPostView.xib */,
				53224D7412CAB11C00251185 /* NewBookmarkSheet.xib */,
				538586D112D2D99C00D26763 /* PreferencesWindow.xib */,
				53E6BBD412D92616007FA70C /* AuthManagementWindow.xib */,
			);
			name = xib;
			sourceTree = "<group>";
		};
		7756732906782D8800D1FEB8 /* Models */ = {
			isa = PBXGroup;
			children = (
				53224DFA12CAC26A00251185 /* API_Inspector_DataModel.xcdatamodeld */,
				53224A2B12C9694600251185 /* History.h */,
				53224A2C12C9694600251185 /* History.m */,
				53E5A34812A5FBF3008F47E1 /* TreeNode.h */,
				53E5A34912A5FBF3008F47E1 /* TreeNode.m */,
				53224C3E12CA69C100251185 /* Folder.h */,
				53224C3F12CA69C100251185 /* Folder.m */,
				53224DDB12CAC13600251185 /* Bookmark.h */,
				53224DDC12CAC13600251185 /* Bookmark.m */,
				53E6B97C12D91CD9007FA70C /* Authentication.h */,
				53E6B97D12D91CD9007FA70C /* Authentication.m */,
			);
			name = Models;
			sourceTree = "<group>";
		};
/* End PBXGroup section */

/* Begin PBXNativeTarget section */
		8D1107260486CEB800E47090 /* Action Spy */ = {
			isa = PBXNativeTarget;
			buildConfigurationList = 26FC0A840875C7B200E6366F /* Build configuration list for PBXNativeTarget "Action Spy" */;
			buildPhases = (
				53E59DB612A1DA38008F47E1 /* CopyFiles */,
				8D1107290486CEB800E47090 /* Resources */,
				8D11072C0486CEB800E47090 /* Sources */,
				8D11072E0486CEB800E47090 /* Frameworks */,
			);
			buildRules = (
			);
			dependencies = (
			);
			name = "Action Spy";
			productInstallPath = "$(HOME)/Applications";
			productName = "API Inspector";
			productReference = 8D1107320486CEB800E47090 /* Action Spy.app */;
			productType = "com.apple.product-type.application";
		};
/* End PBXNativeTarget section */

/* Begin PBXProject section */
		29B97313FDCFA39411CA2CEA /* Project object */ = {
			isa = PBXProject;
			attributes = {
				BuildIndependentTargetsInParallel = NO;
			};
			buildConfigurationList = 26FC0A880875C7B200E6366F /* Build configuration list for PBXProject "Action Spy" */;
			compatibilityVersion = "Xcode 3.2";
			developmentRegion = English;
			hasScannedForEncodings = 1;
			knownRegions = (
				English,
				Japanese,
				French,
				German,
			);
			mainGroup = 29B97314FDCFA39411CA2CEA /* API Inspector */;
			projectDirPath = "";
			projectRoot = "";
			targets = (
				8D1107260486CEB800E47090 /* Action Spy */,
			);
		};
/* End PBXProject section */

/* Begin PBXResourcesBuildPhase section */
		8D1107290486CEB800E47090 /* Resources */ = {
			isa = PBXResourcesBuildPhase;
			buildActionMask = 2147483647;
			files = (
				8D11072B0486CEB800E47090 /* InfoPlist.strings in Resources */,
				2F7446990DB6B7EA00F9684A /* MainMenu.xib in Resources */,
				53E5A07912A2FE6B008F47E1 /* RawData.xib in Resources */,
				53E5A0BA12A4B404008F47E1 /* MainWindow.xib in Resources */,
				53E5A1E012A4D632008F47E1 /* HttpGetView.xib in Resources */,
				53E5A4BB12A8C514008F47E1 /* HttpPostView.xib in Resources */,
				53224D7512CAB11C00251185 /* NewBookmarkSheet.xib in Resources */,
				53224F3C12CBBF0F00251185 /* bookmark-get.png in Resources */,
				53224F3D12CBBF0F00251185 /* bookmark-post.png in Resources */,
				5322501712CBFA6C00251185 /* toolbar-get.png in Resources */,
				5322501C12CBFAED00251185 /* toolbar-post.png in Resources */,
				5322503112CBFE9700251185 /* toolbar-bookmarks.png in Resources */,
				5322503512CC001400251185 /* toolbar-bookmarks-2.png in Resources */,
				5322503B12CC098D00251185 /* toolbar-get-2.png in Resources */,
				5322504512CC0B9300251185 /* toolbar-post-2.png in Resources */,
				538583C012CEB88500D26763 /* api-inspector.icns in Resources */,
				538586B912D1690D00D26763 /* dsa_pub.pem in Resources */,
				538586D212D2D99C00D26763 /* PreferencesWindow.xib in Resources */,
				5385883D12D2ED8600D26763 /* Defaults.plist in Resources */,
				53CD333E12D443B200C23F6A /* sampledata.xml in Resources */,
				53E6BBD512D92616007FA70C /* AuthManagementWindow.xib in Resources */,
			);
			runOnlyForDeploymentPostprocessing = 0;
		};
/* End PBXResourcesBuildPhase section */

/* Begin PBXSourcesBuildPhase section */
		8D11072C0486CEB800E47090 /* Sources */ = {
			isa = PBXSourcesBuildPhase;
			buildActionMask = 2147483647;
			files = (
				8D11072D0486CEB800E47090 /* main.m in Sources */,
				77C8280E06725ACE000B614F /* AppDelegate.m in Sources */,
				53224DFB12CAC26A00251185 /* API_Inspector_DataModel.xcdatamodeld in Sources */,
				53E5A07712A2FE51008F47E1 /* RawDataWindow.m in Sources */,
				53E5A0B812A4B304008F47E1 /* MainWindowController.m in Sources */,
				53E5A1DE12A4D615008F47E1 /* HttpGetViewController.m in Sources */,
				53E5A34A12A5FBF3008F47E1 /* TreeNode.m in Sources */,
				53E5A4C812A8C5A8008F47E1 /* HttpPostViewController.m in Sources */,
				53224A2D12C9694600251185 /* History.m in Sources */,
				53224B0412C9817E00251185 /* HttpViewController.m in Sources */,
				53224C4012CA69C100251185 /* Folder.m in Sources */,
				53224D6E12CAAF2A00251185 /* NewBookmarkSheetController.m in Sources */,
				53224DDD12CAC13600251185 /* Bookmark.m in Sources */,
				53224F4C12CBBFE700251185 /* WMNoteItemCell.m in Sources */,
				53224FFE12CBCC6200251185 /* ImageAndTextCell.m in Sources */,
				5322516312CE950400251185 /* WMOutlineView.m in Sources */,
				538586CE12D2D96B00D26763 /* PreferencesWindowController.m in Sources */,
				53E6B97912D91C9D007FA70C /* API_Inspector_5_6_rel.xcmappingmodel in Sources */,
				53E6B97E12D91CD9007FA70C /* Authentication.m in Sources */,
				53E6BBDC12DA7EE0007FA70C /* AuthenticationWindowController.m in Sources */,
			);
			runOnlyForDeploymentPostprocessing = 0;
		};
/* End PBXSourcesBuildPhase section */

/* Begin PBXVariantGroup section */
		089C165CFE840E0CC02AAC07 /* InfoPlist.strings */ = {
			isa = PBXVariantGroup;
			children = (
				089C165DFE840E0CC02AAC07 /* English */,
			);
			name = InfoPlist.strings;
			sourceTree = "<group>";
		};
		2F7446970DB6B7EA00F9684A /* MainMenu.xib */ = {
			isa = PBXVariantGroup;
			children = (
				2F7446980DB6B7EA00F9684A /* English */,
			);
			name = MainMenu.xib;
			sourceTree = "<group>";
		};
/* End PBXVariantGroup section */

/* Begin XCBuildConfiguration section */
		26FC0A850875C7B200E6366F /* Debug */ = {
			isa = XCBuildConfiguration;
			buildSettings = {
				ARCHS = "$(ARCHS_STANDARD_32_64_BIT)";
				COPY_PHASE_STRIP = NO;
				FRAMEWORK_SEARCH_PATHS = (
					"$(inherited)",
					"\"$(SRCROOT)\"",
					"\"$(SRCROOT)/Frameworks\"",
					"\"$(SRCROOT)/../../BWToolkit\"",
					"\"$(SRCROOT)/../../BWToolkit/bwtoolkit/build/Release\"",
					"\"$(SRCROOT)/../Sparkle/build/Release (GC dual-mode; 10.5-only)\"",
					"\"$(SRCROOT)/../oauth/OAuthConsumer/build/Release\"",
				);
				GCC_DYNAMIC_NO_PIC = NO;
				GCC_ENABLE_FIX_AND_CONTINUE = YES;
				GCC_ENABLE_OBJC_EXCEPTIONS = YES;
				GCC_ENABLE_OBJC_GC = required;
				GCC_MODEL_TUNING = G5;
				GCC_OPTIMIZATION_LEVEL = 0;
				GCC_PRECOMPILE_PREFIX_HEADER = YES;
				GCC_PREFIX_HEADER = Action_Spy_Prefix.pch;
				GCC_PREPROCESSOR_DEFINITIONS = "DEBUG=1";
				GCC_VERSION = com.apple.compilers.llvm.clang.1_0;
				HEADER_SEARCH_PATHS = "";
				INFOPLIST_FILE = "Action Spy-Info.plist";
				INSTALL_PATH = "$(HOME)/Applications";
				LD_RUNPATH_SEARCH_PATHS = "@loader_path/../Frameworks";
				MACOSX_DEPLOYMENT_TARGET = 10.6;
				PRODUCT_NAME = "Action Spy";
				VALID_ARCHS = "i386 x86_64";
				WRAPPER_EXTENSION = app;
			};
			name = Debug;
		};
		26FC0A860875C7B200E6366F /* Release */ = {
			isa = XCBuildConfiguration;
			buildSettings = {
				DEBUG_INFORMATION_FORMAT = "dwarf-with-dsym";
				FRAMEWORK_SEARCH_PATHS = (
					"$(inherited)",
					"\"$(SRCROOT)\"",
					"\"$(SRCROOT)/Frameworks\"",
					"\"$(SRCROOT)/../../BWToolkit\"",
					"\"$(SRCROOT)/../../BWToolkit/bwtoolkit/build/Release\"",
					"\"$(SRCROOT)/../Sparkle/build/Release (GC dual-mode; 10.5-only)\"",
					"\"$(SRCROOT)/../oauth/OAuthConsumer/build/Release\"",
				);
				GCC_ENABLE_OBJC_EXCEPTIONS = YES;
				GCC_ENABLE_OBJC_GC = required;
				GCC_MODEL_TUNING = G5;
				GCC_PRECOMPILE_PREFIX_HEADER = YES;
				GCC_PREFIX_HEADER = Action_Spy_Prefix.pch;
				GCC_VERSION = com.apple.compilers.llvm.clang.1_0;
				HEADER_SEARCH_PATHS = "";
				INFOPLIST_FILE = "Action Spy-Info.plist";
				INSTALL_PATH = "$(HOME)/Applications";
				LD_RUNPATH_SEARCH_PATHS = "@loader_path/../Frameworks";
				MACOSX_DEPLOYMENT_TARGET = 10.6;
				PRODUCT_NAME = "Action Spy";
				VALID_ARCHS = "i386 x86_64";
				WRAPPER_EXTENSION = app;
			};
			name = Release;
		};
		26FC0A890875C7B200E6366F /* Debug */ = {
			isa = XCBuildConfiguration;
			buildSettings = {
				ARCHS = "$(ARCHS_STANDARD_32_64_BIT)";
				GCC_C_LANGUAGE_STANDARD = gnu99;
				GCC_WARN_ABOUT_RETURN_TYPE = YES;
				GCC_WARN_UNUSED_VARIABLE = YES;
				ONLY_ACTIVE_ARCH = YES;
				PREBINDING = NO;
				SDKROOT = macosx10.6;
			};
			name = Debug;
		};
		26FC0A8A0875C7B200E6366F /* Release */ = {
			isa = XCBuildConfiguration;
			buildSettings = {
				ARCHS = "$(ARCHS_STANDARD_32_64_BIT)";
				GCC_C_LANGUAGE_STANDARD = gnu99;
				GCC_WARN_ABOUT_RETURN_TYPE = YES;
				GCC_WARN_UNUSED_VARIABLE = YES;
				PREBINDING = NO;
				SDKROOT = macosx10.6;
			};
			name = Release;
		};
/* End XCBuildConfiguration section */

/* Begin XCConfigurationList section */
		26FC0A840875C7B200E6366F /* Build configuration list for PBXNativeTarget "Action Spy" */ = {
			isa = XCConfigurationList;
			buildConfigurations = (
				26FC0A850875C7B200E6366F /* Debug */,
				26FC0A860875C7B200E6366F /* Release */,
			);
			defaultConfigurationIsVisible = 0;
			defaultConfigurationName = Release;
		};
		26FC0A880875C7B200E6366F /* Build configuration list for PBXProject "Action Spy" */ = {
			isa = XCConfigurationList;
			buildConfigurations = (
				26FC0A890875C7B200E6366F /* Debug */,
				26FC0A8A0875C7B200E6366F /* Release */,
			);
			defaultConfigurationIsVisible = 0;
			defaultConfigurationName = Release;
		};
/* End XCConfigurationList section */

/* Begin XCVersionGroup section */
		53224DFA12CAC26A00251185 /* API_Inspector_DataModel.xcdatamodeld */ = {
			isa = XCVersionGroup;
			children = (
				53E6B94612D9198B007FA70C /* API_Inspector_DataModel 5.xcdatamodel */,
				53E6B97512D91C48007FA70C /* API_Inspector_DataModel 6.xcdatamodel */,
				53E6B97812D91C9D007FA70C /* API_Inspector_5_6_rel.xcmappingmodel */,
			);
			currentVersion = 53E6B97512D91C48007FA70C /* API_Inspector_DataModel 6.xcdatamodel */;
			path = API_Inspector_DataModel.xcdatamodeld;
			sourceTree = "<group>";
			versionGroupType = wrapper.xcdatamodel;
		};
/* End XCVersionGroup section */
	};
	rootObject = 29B97313FDCFA39411CA2CEA /* Project object */;
}
